# THIS IS AN AUTOGENERATED FILE. DO NOT EDIT THIS FILE DIRECTLY.
# yarn lockfile v1


a11y-dialog@^8.0.1:
  version "8.0.1"
  resolved "https://registry.yarnpkg.com/a11y-dialog/-/a11y-dialog-8.0.1.tgz#fff7ff3673ad280b088f3c91822bfe41c71b8300"
  integrity sha512-AjHdEsofSYOTpP5+2KLZ+yc2VnoUo7D+BQnWujgMsEEgQ3OKiAiPaGYJTkCz35p8TpsOMXjPM2eQ5x1TuL6Tag==
  dependencies:
    focusable-selectors "^0.8.0"

accessible-autocomplete@^2.0.1:
  version "2.0.4"
  resolved "https://registry.yarnpkg.com/accessible-autocomplete/-/accessible-autocomplete-2.0.4.tgz#e295256c8d268b97c5ab456a1cb084b553ed3eb0"
  integrity sha512-2p0txrSpvs5wXFUeQJHMheDPTZVSEmiUHWlEPb7vJnv2Dd1xPfoLnBQQMfNbTSit2pL/9sSQYESuD2Yyohd4Yw==
  dependencies:
    preact "^8.3.1"

focusable-selectors@^0.8.0:
  version "0.8.1"
  resolved "https://registry.yarnpkg.com/focusable-selectors/-/focusable-selectors-0.8.1.tgz#ed50e1ace402a3769c203525cea616c80111ac76"
  integrity sha512-QXOebaidkRK27TmfboyrJZwzNPYtvs01itWrXmSc7rd8/ORql9ZiM1fkQ1IZKcCjYp4J/lWCBkFLxuupvt3y9w==

govuk-frontend@^4.3.1:
  version "4.5.0"
  resolved "https://registry.yarnpkg.com/govuk-frontend/-/govuk-frontend-4.5.0.tgz#64759e39efbaa81f9cb7a35cc6cff6fd9fa619ef"
  integrity sha512-gZHDqf5vdlHjmx0NGJiNT12XLyR3d5KCS4AnlC3xTWOObJ0kQROrkIFyp3w4/PY3EQiYdgacVaJ6lizzygnzYw==

preact@^8.3.1:
  version "8.5.3"
  resolved "https://registry.yarnpkg.com/preact/-/preact-8.5.3.tgz#78c2a5562fcecb1fed1d0055fa4ac1e27bde17c1"
  integrity sha512-O3kKP+1YdgqHOFsZF2a9JVdtqD+RPzCQc3rP+Ualf7V6rmRDchZ9MJbiGTT7LuyqFKZqlHSOyO/oMFmI2lVTsw==

prettier@^2.8.7:
  version "2.8.7"
  resolved "https://registry.yarnpkg.com/prettier/-/prettier-2.8.7.tgz#bb79fc8729308549d28fe3a98fce73d2c0656450"
  integrity sha512-yPngTo3aXUUmyuTjeTUT75txrf+aMh9FiD7q9ZE/i6r0bPb22g4FsE6Y338PQX1bmfy08i9QQCB7/rcUAVntfw==
