# THIS IS AN AUTOGENERATED FILE. DO NOT EDIT THIS FILE DIRECTLY.
# yarn lockfile v1


a-sync-waterfall@^1.0.0:
  version "1.0.1"
  resolved "https://registry.yarnpkg.com/a-sync-waterfall/-/a-sync-waterfall-1.0.1.tgz#75b6b6aa72598b497a125e7a2770f14f4c8a1fa7"
  integrity sha512-RYTOHHdWipFUliRFMCS4X2Yn2X8M87V/OpSqWzKKOGhzqyUxzyVmhHDH9sAvG+ZuQf/TAOFsLCpMw09I1ufUnA==

a11y-dialog@^8.1.2:
  version "8.1.2"
  resolved "https://registry.yarnpkg.com/a11y-dialog/-/a11y-dialog-8.1.2.tgz#1481654739049215b89e6a621ff5f62ce1b431f5"
  integrity sha512-2k9GjHWYVU+lKur5ViCdVyDwKKZGSsf2ojCeJbY1E8+z1c1HOvmwHrV8mM1Lnd00q6tmAVsYSHa4ZR8yvE2VHQ==
  dependencies:
    focusable-selectors "^0.8.0"

accessible-autocomplete@^3.0.1:
  version "3.0.1"
  resolved "https://registry.yarnpkg.com/accessible-autocomplete/-/accessible-autocomplete-3.0.1.tgz#8ddf4934d0b4ba6acb28de486dd505e062cdc86e"
  integrity sha512-xMshgc2LT5addvvfCTGzIkRrvhbOFeylFSnSMfS/PdjvvvElZkakCwxO3/yJYBWyi1hi3tZloqOJQ5kqqJtH4g==

asap@^2.0.3:
  version "2.0.6"
  resolved "https://registry.yarnpkg.com/asap/-/asap-2.0.6.tgz#e50347611d7e690943208bbdafebcbc2fb866d46"
  integrity sha512-BSHWgDSAiKs50o2Re8ppvp3seVHXSRM44cdSsT9FfNEUUZLOGWVCsiWaRPWM1Znn+mqZ1OfVZ3z3DWEzSp7hRA==

commander@^5.1.0:
  version "5.1.0"
  resolved "https://registry.yarnpkg.com/commander/-/commander-5.1.0.tgz#46abbd1652f8e059bddaef99bbdcb2ad9cf179ae"
  integrity sha512-P0CysNDQ7rtVw4QIQtm+MRxV66vKFSvlsQvGYXZWR3qFU0jlMKHZZZgw8e+8DSah4UDKMqnknRDQz+xuQXQ/Zg==

focusable-selectors@^0.8.0:
  version "0.8.4"
  resolved "https://registry.yarnpkg.com/focusable-selectors/-/focusable-selectors-0.8.4.tgz#2ee34129b29371766ce201499e3b88c6f79ea4c1"
  integrity sha512-0XxbkD0KhOnX10qmnfF9U8DkDD8N/e4M77wMYw2Itoi4vdcoRjSkqXLZFIzkrLIOxzmzCGy88fNG1EbeXMD/zw==

govuk-frontend@^5.4.0, govuk-frontend@^5.9.0:
  version "5.9.0"
  resolved "https://registry.yarnpkg.com/govuk-frontend/-/govuk-frontend-5.9.0.tgz#4064ac692019e60f030d6311c49330a6454a5689"
  integrity sha512-8NzmyoDtRFYyHs413DfNPR8Zo6qw6Q02Mruxml/Yfy+EueaOI/JZ4gVM8d0pqzJmTiMcJuHhvxqYEgBRmqeoyA==

"govuk-one-login-service-header@https://github.com/govuk-one-login/service-header.git":
  version "1.1.0"
  resolved "https://github.com/govuk-one-login/service-header.git#a823f1a5ddc2879945f7d4f2cce889d100d3441c"
  dependencies:
    govuk-frontend "^5.4.0"
    nunjucks "^3.2.4"

nunjucks@^3.2.4:
  version "3.2.4"
  resolved "https://registry.yarnpkg.com/nunjucks/-/nunjucks-3.2.4.tgz#f0878eef528ce7b0aa35d67cc6898635fd74649e"
  integrity sha512-26XRV6BhkgK0VOxfbU5cQI+ICFUtMLixv1noZn1tGU38kQH5A5nmmbk/O45xdyBhD1esk47nKrY0mvQpZIhRjQ==
  dependencies:
    a-sync-waterfall "^1.0.0"
    asap "^2.0.3"
    commander "^5.1.0"

prettier@^3.5.3:
  version "3.5.3"
  resolved "https://registry.yarnpkg.com/prettier/-/prettier-3.5.3.tgz#4fc2ce0d657e7a02e602549f053b239cb7dfe1b5"
  integrity sha512-QQtaxnoDJeAkDvDKWCLiwIXkTgRhwYDEQCghU9Z6q03iyek/rxRh/2lC3HB7P8sWT2xC/y5JDctPLBIGzHKbhw==
