# THIS IS AN AUTOGENERATED FILE. DO NOT EDIT THIS FILE DIRECTLY.
# yarn lockfile v1


a11y-dialog@^5.5.0:
  version "5.5.2"
  resolved "https://registry.yarnpkg.com/a11y-dialog/-/a11y-dialog-5.5.2.tgz#1072416076cdfe4337691d64ab87568f7413639c"
  integrity sha512-1G7uP6z896DCBXyiwnaMze8YDoljtwgEPezgcJInq2f/chskPQooV505lHOtZpEvtI+ddDUPp0ECjHQjUIaPDw==

accessible-autocomplete@^2.0.1:
  version "2.0.4"
  resolved "https://registry.yarnpkg.com/accessible-autocomplete/-/accessible-autocomplete-2.0.4.tgz#e295256c8d268b97c5ab456a1cb084b553ed3eb0"
  integrity sha512-2p0txrSpvs5wXFUeQJHMheDPTZVSEmiUHWlEPb7vJnv2Dd1xPfoLnBQQMfNbTSit2pL/9sSQYESuD2Yyohd4Yw==
  dependencies:
    preact "^8.3.1"

govuk-frontend@^5.0.0:
  version "5.0.0"
  resolved "https://registry.yarnpkg.com/govuk-frontend/-/govuk-frontend-5.0.0.tgz#c08a4d1115fb31eb39b6d19979c627f816185dd7"
  integrity sha512-3WSfvQ+3kw/q/m8jrq/t8XnMUA8D2r0uhGyZaDbIh1gWTJBQzJBHbHiKYI9nc9ixIXdCFsc9RozkgEm57a795g==

preact@^8.3.1:
  version "8.5.3"
  resolved "https://registry.yarnpkg.com/preact/-/preact-8.5.3.tgz#78c2a5562fcecb1fed1d0055fa4ac1e27bde17c1"
  integrity sha512-O3kKP+1YdgqHOFsZF2a9JVdtqD+RPzCQc3rP+Ualf7V6rmRDchZ9MJbiGTT7LuyqFKZqlHSOyO/oMFmI2lVTsw==

prettier@^3.1.1:
  version "3.1.1"
  resolved "https://registry.yarnpkg.com/prettier/-/prettier-3.1.1.tgz#6ba9f23165d690b6cbdaa88cb0807278f7019848"
  integrity sha512-22UbSzg8luF4UuZtzgiUOfcGM8s4tjBv6dJRT7j275NXsy2jb4aJa4NNveul5x4eqlF1wuhuR2RElK71RvmVaw==
